{
  "version": 4,
  "terraform_version": "1.5.1",
  "serial": 741,
  "lineage": "5e9c8f61-c607-e26f-6d31-9332d0eef2ea",
  "outputs": {
    "zone_id": {
      "value": "Z04092142IPNRRUQSWWQI",
      "type": "string"
    }
  },
  "resources": [
    {
      "mode": "managed",
      "type": "aws_cloudwatch_event_rule",
      "name": "tf_event_rule",
      "provider": "provider[\"registry.terraform.io/hashicorp/aws\"]",
      "instances": [
        {
          "schema_version": 0,
          "attributes": {
            "arn": "arn:aws:events:eu-north-1:966361088974:rule/my-event-rule",
            "description": "My EventBridge rule",
            "event_bus_name": "default",
            "event_pattern": "{\"detail\":{\"state\":[\"running\",\"stopped\"]},\"detail-type\":[\"EC2 Instance State-change Notification\"],\"source\":[\"aws.ec2\"]}",
            "id": "my-event-rule",
            "is_enabled": true,
            "name": "my-event-rule",
            "name_prefix": "",
            "role_arn": "",
            "schedule_expression": "cron(0 7,19 * * ? *)",
            "tags": {},
            "tags_all": {}
          },
          "sensitive_attributes": [],
          "private": "bnVsbA=="
        }
      ]
    },
    {
      "mode": "managed",
      "type": "aws_cloudwatch_event_target",
      "name": "sns_target",
      "provider": "provider[\"registry.terraform.io/hashicorp/aws\"]",
      "instances": [
        {
          "schema_version": 1,
          "attributes": {
            "arn": "arn:aws:sns:eu-north-1:966361088974:sns-topic",
            "batch_target": [],
            "dead_letter_config": [],
            "ecs_target": [],
            "event_bus_name": "default",
            "http_target": [],
            "id": "my-event-rule-EC2StateChange",
            "input": "",
            "input_path": "",
            "input_transformer": [],
            "kinesis_target": [],
            "redshift_target": [],
            "retry_policy": [],
            "role_arn": "",
            "rule": "my-event-rule",
            "run_command_targets": [],
            "sqs_target": [],
            "target_id": "EC2StateChange"
          },
          "sensitive_attributes": [],
          "private": "eyJzY2hlbWFfdmVyc2lvbiI6IjEifQ==",
          "dependencies": [
            "aws_cloudwatch_event_rule.tf_event_rule",
            "aws_sns_topic.sns_topic"
          ]
        }
      ]
    },
    {
      "mode": "managed",
      "type": "aws_cloudwatch_event_target",
      "name": "sqs_target",
      "provider": "provider[\"registry.terraform.io/hashicorp/aws\"]",
      "instances": [
        {
          "schema_version": 1,
          "attributes": {
            "arn": "arn:aws:sqs:eu-north-1:966361088974:sqs-queue",
            "batch_target": [],
            "dead_letter_config": [],
            "ecs_target": [],
            "event_bus_name": "default",
            "http_target": [],
            "id": "my-event-rule-i-090771ca62fe2baf4",
            "input": "",
            "input_path": "",
            "input_transformer": [],
            "kinesis_target": [],
            "redshift_target": [],
            "retry_policy": [],
            "role_arn": "",
            "rule": "my-event-rule",
            "run_command_targets": [],
            "sqs_target": [],
            "target_id": "i-090771ca62fe2baf4"
          },
          "sensitive_attributes": [],
          "private": "eyJzY2hlbWFfdmVyc2lvbiI6IjEifQ==",
          "dependencies": [
            "aws_cloudwatch_event_rule.tf_event_rule",
            "aws_instance.tr-task",
            "aws_security_group.allow_web",
            "aws_sqs_queue.sqs_queue",
            "aws_subnet.subnet-1",
            "local_file.TF-key"
          ]
        }
      ]
    },
    {
      "mode": "managed",
      "type": "aws_instance",
      "name": "tr-task",
      "provider": "provider[\"registry.terraform.io/hashicorp/aws\"]",
      "instances": [
        {
          "schema_version": 1,
          "attributes": {
            "ami": "ami-0c858d4d1feca5370",
            "arn": "arn:aws:ec2:eu-north-1:966361088974:instance/i-090771ca62fe2baf4",
            "associate_public_ip_address": true,
            "availability_zone": "eu-north-1a",
            "capacity_reservation_specification": [
              {
                "capacity_reservation_preference": "open",
                "capacity_reservation_target": []
              }
            ],
            "cpu_core_count": 1,
            "cpu_options": [
              {
                "amd_sev_snp": "",
                "core_count": 1,
                "threads_per_core": 2
              }
            ],
            "cpu_threads_per_core": 2,
            "credit_specification": [
              {
                "cpu_credits": "unlimited"
              }
            ],
            "disable_api_stop": false,
            "disable_api_termination": false,
            "ebs_block_device": [],
            "ebs_optimized": false,
            "enclave_options": [
              {
                "enabled": false
              }
            ],
            "ephemeral_block_device": [],
            "get_password_data": false,
            "hibernation": false,
            "host_id": "",
            "host_resource_group_arn": null,
            "iam_instance_profile": "",
            "id": "i-090771ca62fe2baf4",
            "instance_initiated_shutdown_behavior": "stop",
            "instance_state": "running",
            "instance_type": "t3.micro",
            "ipv6_address_count": 0,
            "ipv6_addresses": [],
            "key_name": "TF_key",
            "launch_template": [],
            "maintenance_options": [
              {
                "auto_recovery": "default"
              }
            ],
            "metadata_options": [
              {
                "http_endpoint": "enabled",
                "http_put_response_hop_limit": 2,
                "http_tokens": "required",
                "instance_metadata_tags": "disabled"
              }
            ],
            "monitoring": false,
            "network_interface": [],
            "outpost_arn": "",
            "password_data": "",
            "placement_group": "",
            "placement_partition_number": 0,
            "primary_network_interface_id": "eni-075f04b1debaef76d",
            "private_dns": "ip-10-0-1-7.eu-north-1.compute.internal",
            "private_dns_name_options": [
              {
                "enable_resource_name_dns_a_record": false,
                "enable_resource_name_dns_aaaa_record": false,
                "hostname_type": "ip-name"
              }
            ],
            "private_ip": "10.0.1.7",
            "public_dns": "",
            "public_ip": "16.171.115.183",
            "root_block_device": [
              {
                "delete_on_termination": true,
                "device_name": "/dev/xvda",
                "encrypted": false,
                "iops": 3000,
                "kms_key_id": "",
                "tags": {},
                "throughput": 125,
                "volume_id": "vol-00d37dd875f53e76a",
                "volume_size": 8,
                "volume_type": "gp3"
              }
            ],
            "secondary_private_ips": [],
            "security_groups": [],
            "source_dest_check": true,
            "subnet_id": "subnet-008d5fc1b2c9f721e",
            "tags": null,
            "tags_all": {},
            "tenancy": "default",
            "timeouts": null,
            "user_data": null,
            "user_data_base64": null,
            "user_data_replace_on_change": false,
            "volume_tags": null,
            "vpc_security_group_ids": [
              "sg-0091e7c1308ea45c7"
            ]
          },
          "sensitive_attributes": [],
          "private": "eyJlMmJmYjczMC1lY2FhLTExZTYtOGY4OC0zNDM2M2JjN2M0YzAiOnsiY3JlYXRlIjo2MDAwMDAwMDAwMDAsImRlbGV0ZSI6MTIwMDAwMDAwMDAwMCwidXBkYXRlIjo2MDAwMDAwMDAwMDB9LCJzY2hlbWFfdmVyc2lvbiI6IjEifQ==",
          "dependencies": [
            "aws_security_group.allow_web",
            "aws_subnet.subnet-1",
            "local_file.TF-key"
          ],
          "create_before_destroy": true
        }
      ]
    },
    {
      "mode": "managed",
      "type": "aws_internet_gateway",
      "name": "gw",
      "provider": "provider[\"registry.terraform.io/hashicorp/aws\"]",
      "instances": [
        {
          "schema_version": 0,
          "attributes": {
            "arn": "arn:aws:ec2:eu-north-1:966361088974:internet-gateway/igw-03403925f3bd2e521",
            "id": "igw-03403925f3bd2e521",
            "owner_id": "966361088974",
            "tags": {},
            "tags_all": {},
            "timeouts": null,
            "vpc_id": "vpc-05c0efe3280badb3e"
          },
          "sensitive_attributes": [],
          "private": "eyJlMmJmYjczMC1lY2FhLTExZTYtOGY4OC0zNDM2M2JjN2M0YzAiOnsiY3JlYXRlIjoxMjAwMDAwMDAwMDAwLCJkZWxldGUiOjEyMDAwMDAwMDAwMDAsInVwZGF0ZSI6MTIwMDAwMDAwMDAwMH19",
          "dependencies": [
            "aws_vpc.task-vpc"
          ]
        }
      ]
    },
    {
      "mode": "managed",
      "type": "aws_key_pair",
      "name": "TF_key",
      "provider": "provider[\"registry.terraform.io/hashicorp/aws\"]",
      "instances": [
        {
          "schema_version": 1,
          "attributes": {
            "arn": "arn:aws:ec2:eu-north-1:966361088974:key-pair/TF_key",
            "fingerprint": "9d:6a:10:69:db:fe:07:a2:5e:f1:ce:eb:29:67:f7:39",
            "id": "TF_key",
            "key_name": "TF_key",
            "key_name_prefix": "",
            "key_pair_id": "key-00d562f32396941cc",
            "key_type": "rsa",
            "public_key": "ssh-rsa AAAAB3NzaC1yc2EAAAADAQABAAACAQDpRn7jU576X5ousk5OXvIz5xQsx7fxIbXcL40RHw9ynyupmdQcRO57/8rWb2qWxPxmwX3oTLTIfHqYUOOhX6otHdI35EDCU34qpBuQ+BWs5F0fGfX/kzEpE2Tp9FI7mbm6j7YkDQvG8KnTLaog64lFBzA07Eac5uSxAkndrb5NFtea8ym8/B7j9yM9f43wdoylIh6R7qFnsIdmxnIr/ikKqs53Eq7GJzAsAuwxQrT524wE/aqp8hA/PbOtfUJvm0CzUaO20pdFugT4n0HyxYZn11OY9THti0wPvA3r+2a8ckqDLOKhbC8i5MgVzoFxrtDeyE7L08eNZk3B6tEhn8gA3j6uUZCPJ2siGCizyy9GaS73a2y38c/p0VvE8Aja1pDiqCXseheWXdQ/gpiCrFPPJLfBDvkbzy7f/g+R43/6yVGWzLwFyKEPWBKnXpsAXEVVeYvYLDWV1okh9l2/Tuf1gcNAMPqE06C9a3Ry+xVQU986g0INbWpnFYbw6yhhLLwnDxRzyZ6N5BKw36xGJU3z2h5qr5IpM3IITgtAKDKFA6QPotpvkRsvoYtowOy+SmO5PAwPKsMaVvuu9u/WqAzcOC6bBpoQwerlgokgJ3X5E+vbKofgvPZVnXXUuSogZ2ZIyOAQa2abUwgBDXw6n//4SwUDizAjESrpN5JmrH0pnw==",
            "tags": {},
            "tags_all": {}
          },
          "sensitive_attributes": [],
          "private": "eyJzY2hlbWFfdmVyc2lvbiI6IjEifQ==",
          "dependencies": [
            "tls_private_key.rsa"
          ]
        }
      ]
    },
    {
      "mode": "managed",
      "type": "aws_network_interface",
      "name": "net-1",
      "provider": "provider[\"registry.terraform.io/hashicorp/aws\"]",
      "instances": [
        {
          "schema_version": 0,
          "attributes": {
            "arn": "arn:aws:ec2:eu-north-1:966361088974:network-interface/eni-019f5c4be457139e8",
            "attachment": [],
            "description": "",
            "id": "eni-019f5c4be457139e8",
            "interface_type": "interface",
            "ipv4_prefix_count": 0,
            "ipv4_prefixes": [],
            "ipv6_address_count": 0,
            "ipv6_address_list": [],
            "ipv6_address_list_enabled": false,
            "ipv6_addresses": [],
            "ipv6_prefix_count": 0,
            "ipv6_prefixes": [],
            "mac_address": "06:76:8f:8c:e0:cc",
            "outpost_arn": "",
            "owner_id": "966361088974",
            "private_dns_name": "",
            "private_ip": "10.0.1.50",
            "private_ip_list": [
              "10.0.1.50"
            ],
            "private_ip_list_enabled": false,
            "private_ips": [
              "10.0.1.50"
            ],
            "private_ips_count": 0,
            "security_groups": [
              "sg-0091e7c1308ea45c7"
            ],
            "source_dest_check": true,
            "subnet_id": "subnet-008d5fc1b2c9f721e",
            "tags": {},
            "tags_all": {}
          },
          "sensitive_attributes": [],
          "private": "bnVsbA==",
          "dependencies": [
            "aws_security_group.allow_web",
            "aws_subnet.subnet-1",
            "aws_vpc.task-vpc"
          ]
        }
      ]
    },
    {
      "mode": "managed",
      "type": "aws_route53_record",
      "name": "trecord",
      "provider": "provider[\"registry.terraform.io/hashicorp/aws\"]",
      "instances": [
        {
          "schema_version": 2,
          "attributes": {
            "alias": [],
            "allow_overwrite": null,
            "cidr_routing_policy": [],
            "failover_routing_policy": [],
            "fqdn": "trf.coolestaiart.com",
            "geolocation_routing_policy": [],
            "health_check_id": "",
            "id": "Z04092142IPNRRUQSWWQI_trf.coolestaiart.com_A",
            "latency_routing_policy": [],
            "multivalue_answer_routing_policy": false,
            "name": "trf.coolestaiart.com",
            "records": [
              "16.171.115.183"
            ],
            "set_identifier": "",
            "ttl": 300,
            "type": "A",
            "weighted_routing_policy": [],
            "zone_id": "Z04092142IPNRRUQSWWQI"
          },
          "sensitive_attributes": [],
          "private": "eyJzY2hlbWFfdmVyc2lvbiI6IjIifQ==",
          "dependencies": [
            "aws_instance.tr-task",
            "aws_route53_zone.coolestaiart",
            "aws_security_group.allow_web",
            "aws_subnet.subnet-1",
            "local_file.TF-key"
          ]
        }
      ]
    },
    {
      "mode": "managed",
      "type": "aws_route53_zone",
      "name": "coolestaiart",
      "provider": "provider[\"registry.terraform.io/hashicorp/aws\"]",
      "instances": [
        {
          "schema_version": 0,
          "attributes": {
            "arn": "arn:aws:route53:::hostedzone/Z04092142IPNRRUQSWWQI",
            "comment": "coolestaiart Zone",
            "delegation_set_id": "",
            "force_destroy": false,
            "id": "Z04092142IPNRRUQSWWQI",
            "name": "coolestaiart.com",
            "name_servers": [
              "ns-1075.awsdns-06.org",
              "ns-1975.awsdns-54.co.uk",
              "ns-298.awsdns-37.com",
              "ns-647.awsdns-16.net"
            ],
            "primary_name_server": "ns-298.awsdns-37.com",
            "tags": {},
            "tags_all": {},
            "vpc": [],
            "zone_id": "Z04092142IPNRRUQSWWQI"
          },
          "sensitive_attributes": [],
          "private": "bnVsbA=="
        }
      ]
    },
    {
      "mode": "managed",
      "type": "aws_route_table",
      "name": "task-rt",
      "provider": "provider[\"registry.terraform.io/hashicorp/aws\"]",
      "instances": [
        {
          "schema_version": 0,
          "attributes": {
            "arn": "arn:aws:ec2:eu-north-1:966361088974:route-table/rtb-06cdba05f8c5fe526",
            "id": "rtb-06cdba05f8c5fe526",
            "owner_id": "966361088974",
            "propagating_vgws": [],
            "route": [
              {
                "carrier_gateway_id": "",
                "cidr_block": "0.0.0.0/0",
                "core_network_arn": "",
                "destination_prefix_list_id": "",
                "egress_only_gateway_id": "",
                "gateway_id": "igw-03403925f3bd2e521",
                "instance_id": "",
                "ipv6_cidr_block": "",
                "local_gateway_id": "",
                "nat_gateway_id": "",
                "network_interface_id": "",
                "transit_gateway_id": "",
                "vpc_endpoint_id": "",
                "vpc_peering_connection_id": ""
              }
            ],
            "tags": {},
            "tags_all": {},
            "timeouts": null,
            "vpc_id": "vpc-05c0efe3280badb3e"
          },
          "sensitive_attributes": [],
          "private": "eyJlMmJmYjczMC1lY2FhLTExZTYtOGY4OC0zNDM2M2JjN2M0YzAiOnsiY3JlYXRlIjozMDAwMDAwMDAwMDAsImRlbGV0ZSI6MzAwMDAwMDAwMDAwLCJ1cGRhdGUiOjEyMDAwMDAwMDAwMH19",
          "dependencies": [
            "aws_internet_gateway.gw",
            "aws_vpc.task-vpc"
          ]
        }
      ]
    },
    {
      "mode": "managed",
      "type": "aws_route_table_association",
      "name": "a",
      "provider": "provider[\"registry.terraform.io/hashicorp/aws\"]",
      "instances": [
        {
          "schema_version": 0,
          "attributes": {
            "gateway_id": "",
            "id": "rtbassoc-0ffa726f0cdf0a73e",
            "route_table_id": "rtb-06cdba05f8c5fe526",
            "subnet_id": "subnet-008d5fc1b2c9f721e",
            "timeouts": null
          },
          "sensitive_attributes": [],
          "private": "eyJlMmJmYjczMC1lY2FhLTExZTYtOGY4OC0zNDM2M2JjN2M0YzAiOnsiY3JlYXRlIjozMDAwMDAwMDAwMDAsImRlbGV0ZSI6MzAwMDAwMDAwMDAwLCJ1cGRhdGUiOjEyMDAwMDAwMDAwMH19",
          "dependencies": [
            "aws_internet_gateway.gw",
            "aws_route_table.task-rt",
            "aws_subnet.subnet-1",
            "aws_vpc.task-vpc"
          ]
        }
      ]
    },
    {
      "mode": "managed",
      "type": "aws_security_group",
      "name": "allow_web",
      "provider": "provider[\"registry.terraform.io/hashicorp/aws\"]",
      "instances": [
        {
          "schema_version": 1,
          "attributes": {
            "arn": "arn:aws:ec2:eu-north-1:966361088974:security-group/sg-0091e7c1308ea45c7",
            "description": "Allow web inbound traffic",
            "egress": [
              {
                "cidr_blocks": [
                  "0.0.0.0/0"
                ],
                "description": "",
                "from_port": 0,
                "ipv6_cidr_blocks": [
                  "::/0"
                ],
                "prefix_list_ids": [],
                "protocol": "-1",
                "security_groups": [],
                "self": false,
                "to_port": 0
              }
            ],
            "id": "sg-0091e7c1308ea45c7",
            "ingress": [
              {
                "cidr_blocks": [
                  "0.0.0.0/0"
                ],
                "description": "",
                "from_port": 8080,
                "ipv6_cidr_blocks": [],
                "prefix_list_ids": [],
                "protocol": "tcp",
                "security_groups": [],
                "self": false,
                "to_port": 8080
              },
              {
                "cidr_blocks": [
                  "0.0.0.0/0"
                ],
                "description": "http",
                "from_port": 80,
                "ipv6_cidr_blocks": [],
                "prefix_list_ids": [],
                "protocol": "tcp",
                "security_groups": [],
                "self": false,
                "to_port": 80
              },
              {
                "cidr_blocks": [
                  "0.0.0.0/0"
                ],
                "description": "https",
                "from_port": 443,
                "ipv6_cidr_blocks": [],
                "prefix_list_ids": [],
                "protocol": "tcp",
                "security_groups": [],
                "self": false,
                "to_port": 443
              },
              {
                "cidr_blocks": [
                  "0.0.0.0/0"
                ],
                "description": "ssh",
                "from_port": 22,
                "ipv6_cidr_blocks": [],
                "prefix_list_ids": [],
                "protocol": "tcp",
                "security_groups": [],
                "self": false,
                "to_port": 22
              }
            ],
            "name": "allow_web_traffic",
            "name_prefix": "",
            "owner_id": "966361088974",
            "revoke_rules_on_delete": false,
            "tags": {},
            "tags_all": {},
            "timeouts": null,
            "vpc_id": "vpc-05c0efe3280badb3e"
          },
          "sensitive_attributes": [],
          "private": "eyJlMmJmYjczMC1lY2FhLTExZTYtOGY4OC0zNDM2M2JjN2M0YzAiOnsiY3JlYXRlIjo2MDAwMDAwMDAwMDAsImRlbGV0ZSI6OTAwMDAwMDAwMDAwfSwic2NoZW1hX3ZlcnNpb24iOiIxIn0=",
          "dependencies": [
            "aws_vpc.task-vpc"
          ],
          "create_before_destroy": true
        }
      ]
    },
    {
      "mode": "managed",
      "type": "aws_sns_topic",
      "name": "sns_topic",
      "provider": "provider[\"registry.terraform.io/hashicorp/aws\"]",
      "instances": [
        {
          "schema_version": 0,
          "attributes": {
            "application_failure_feedback_role_arn": "",
            "application_success_feedback_role_arn": "",
            "application_success_feedback_sample_rate": 0,
            "arn": "arn:aws:sns:eu-north-1:966361088974:sns-topic",
            "content_based_deduplication": false,
            "delivery_policy": "",
            "display_name": "",
            "fifo_topic": false,
            "firehose_failure_feedback_role_arn": "",
            "firehose_success_feedback_role_arn": "",
            "firehose_success_feedback_sample_rate": 0,
            "http_failure_feedback_role_arn": "",
            "http_success_feedback_role_arn": "",
            "http_success_feedback_sample_rate": 0,
            "id": "arn:aws:sns:eu-north-1:966361088974:sns-topic",
            "kms_master_key_id": "",
            "lambda_failure_feedback_role_arn": "",
            "lambda_success_feedback_role_arn": "",
            "lambda_success_feedback_sample_rate": 0,
            "name": "sns-topic",
            "name_prefix": "",
            "owner": "966361088974",
            "policy": "{\"Id\":\"__default_policy_ID\",\"Statement\":[{\"Action\":[\"SNS:GetTopicAttributes\",\"SNS:SetTopicAttributes\",\"SNS:AddPermission\",\"SNS:RemovePermission\",\"SNS:DeleteTopic\",\"SNS:Subscribe\",\"SNS:ListSubscriptionsByTopic\",\"SNS:Publish\"],\"Condition\":{\"StringEquals\":{\"AWS:SourceOwner\":\"966361088974\"}},\"Effect\":\"Allow\",\"Principal\":{\"AWS\":\"*\"},\"Resource\":\"arn:aws:sns:eu-north-1:966361088974:sns-topic\",\"Sid\":\"__default_statement_ID\"}],\"Version\":\"2008-10-17\"}",
            "signature_version": 0,
            "sqs_failure_feedback_role_arn": "",
            "sqs_success_feedback_role_arn": "",
            "sqs_success_feedback_sample_rate": 0,
            "tags": {},
            "tags_all": {},
            "tracing_config": ""
          },
          "sensitive_attributes": [],
          "private": "bnVsbA=="
        }
      ]
    },
    {
      "mode": "managed",
      "type": "aws_sns_topic_subscription",
      "name": "subscription",
      "provider": "provider[\"registry.terraform.io/hashicorp/aws\"]",
      "instances": [
        {
          "schema_version": 0,
          "attributes": {
            "arn": "arn:aws:sns:eu-north-1:966361088974:sns-topic:98865ba7-293e-4233-86ec-c3086db2d99e",
            "confirmation_timeout_in_minutes": 1,
            "confirmation_was_authenticated": true,
            "delivery_policy": "",
            "endpoint": "+972546887886",
            "endpoint_auto_confirms": false,
            "filter_policy": "",
            "filter_policy_scope": "",
            "id": "arn:aws:sns:eu-north-1:966361088974:sns-topic:98865ba7-293e-4233-86ec-c3086db2d99e",
            "owner_id": "966361088974",
            "pending_confirmation": false,
            "protocol": "sms",
            "raw_message_delivery": false,
            "redrive_policy": "",
            "subscription_role_arn": "",
            "topic_arn": "arn:aws:sns:eu-north-1:966361088974:sns-topic"
          },
          "sensitive_attributes": [],
          "private": "bnVsbA==",
          "dependencies": [
            "aws_sns_topic.sns_topic"
          ]
        }
      ]
    },
    {
      "mode": "managed",
      "type": "aws_sqs_queue",
      "name": "sqs_queue",
      "provider": "provider[\"registry.terraform.io/hashicorp/aws\"]",
      "instances": [
        {
          "schema_version": 0,
          "attributes": {
            "arn": "arn:aws:sqs:eu-north-1:966361088974:sqs-queue",
            "content_based_deduplication": false,
            "deduplication_scope": "",
            "delay_seconds": 0,
            "fifo_queue": false,
            "fifo_throughput_limit": "",
            "id": "https://sqs.eu-north-1.amazonaws.com/966361088974/sqs-queue",
            "kms_data_key_reuse_period_seconds": 300,
            "kms_master_key_id": "",
            "max_message_size": 262144,
            "message_retention_seconds": 345600,
            "name": "sqs-queue",
            "name_prefix": "",
            "policy": "",
            "receive_wait_time_seconds": 0,
            "redrive_allow_policy": "",
            "redrive_policy": "",
            "sqs_managed_sse_enabled": true,
            "tags": {},
            "tags_all": {},
            "url": "https://sqs.eu-north-1.amazonaws.com/966361088974/sqs-queue",
            "visibility_timeout_seconds": 30
          },
          "sensitive_attributes": [],
          "private": "bnVsbA=="
        }
      ]
    },
    {
      "mode": "managed",
      "type": "aws_subnet",
      "name": "subnet-1",
      "provider": "provider[\"registry.terraform.io/hashicorp/aws\"]",
      "instances": [
        {
          "schema_version": 1,
          "attributes": {
            "arn": "arn:aws:ec2:eu-north-1:966361088974:subnet/subnet-008d5fc1b2c9f721e",
            "assign_ipv6_address_on_creation": false,
            "availability_zone": "eu-north-1a",
            "availability_zone_id": "eun1-az1",
            "cidr_block": "10.0.1.0/24",
            "customer_owned_ipv4_pool": "",
            "enable_dns64": false,
            "enable_lni_at_device_index": 0,
            "enable_resource_name_dns_a_record_on_launch": false,
            "enable_resource_name_dns_aaaa_record_on_launch": false,
            "id": "subnet-008d5fc1b2c9f721e",
            "ipv6_cidr_block": "",
            "ipv6_cidr_block_association_id": "",
            "ipv6_native": false,
            "map_customer_owned_ip_on_launch": false,
            "map_public_ip_on_launch": true,
            "outpost_arn": "",
            "owner_id": "966361088974",
            "private_dns_hostname_type_on_launch": "ip-name",
            "tags": {},
            "tags_all": {},
            "timeouts": null,
            "vpc_id": "vpc-05c0efe3280badb3e"
          },
          "sensitive_attributes": [],
          "private": "eyJlMmJmYjczMC1lY2FhLTExZTYtOGY4OC0zNDM2M2JjN2M0YzAiOnsiY3JlYXRlIjo2MDAwMDAwMDAwMDAsImRlbGV0ZSI6MTIwMDAwMDAwMDAwMH0sInNjaGVtYV92ZXJzaW9uIjoiMSJ9",
          "dependencies": [
            "aws_vpc.task-vpc"
          ],
          "create_before_destroy": true
        }
      ]
    },
    {
      "mode": "managed",
      "type": "aws_vpc",
      "name": "task-vpc",
      "provider": "provider[\"registry.terraform.io/hashicorp/aws\"]",
      "instances": [
        {
          "schema_version": 1,
          "attributes": {
            "arn": "arn:aws:ec2:eu-north-1:966361088974:vpc/vpc-05c0efe3280badb3e",
            "assign_generated_ipv6_cidr_block": false,
            "cidr_block": "10.0.0.0/16",
            "default_network_acl_id": "acl-06c313d3322b4e5bd",
            "default_route_table_id": "rtb-0711df222d6c2adb1",
            "default_security_group_id": "sg-010653365da93a99e",
            "dhcp_options_id": "dopt-0b7fe84646b67deb4",
            "enable_classiclink": false,
            "enable_classiclink_dns_support": false,
            "enable_dns_hostnames": false,
            "enable_dns_support": true,
            "enable_network_address_usage_metrics": false,
            "id": "vpc-05c0efe3280badb3e",
            "instance_tenancy": "default",
            "ipv4_ipam_pool_id": null,
            "ipv4_netmask_length": null,
            "ipv6_association_id": "",
            "ipv6_cidr_block": "",
            "ipv6_cidr_block_network_border_group": "",
            "ipv6_ipam_pool_id": "",
            "ipv6_netmask_length": 0,
            "main_route_table_id": "rtb-0711df222d6c2adb1",
            "owner_id": "966361088974",
            "tags": {},
            "tags_all": {}
          },
          "sensitive_attributes": [],
          "private": "eyJzY2hlbWFfdmVyc2lvbiI6IjEifQ==",
          "create_before_destroy": true
        }
      ]
    },
    {
      "mode": "managed",
      "type": "local_file",
      "name": "TF-key",
      "provider": "provider[\"registry.terraform.io/hashicorp/local\"]",
      "instances": [
        {
          "schema_version": 0,
          "attributes": {
            "content": "-----BEGIN RSA PRIVATE KEY-----\nMIIJKAIBAAKCAgEA6UZ+41Oe+l+aLrJOTl7yM+cULMe38SG13C+NER8Pcp8rqZnU\nHETue//K1m9qlsT8ZsF96Ey0yHx6mFDjoV+qLR3SN+RAwlN+KqQbkPgVrORdHxn1\n/5MxKRNk6fRSO5m5uo+2JA0LxvCp0y2qIOuJRQcwNOxGnObksQJJ3a2+TRbXmvMp\nvPwe4/cjPX+N8HaMpSIeke6hZ7CHZsZyK/4pCqrOdxKuxicwLALsMUK0+duMBP2q\nqfIQPz2zrX1Cb5tAs1GjttKXRboE+J9B8sWGZ9dTmPUx7YtMD7wN6/tmvHJKgyzi\noWwvIuTIFc6Bca7Q3shOy9PHjWZNwerRIZ/IAN4+rlGQjydrIhgos8svRmku92ts\nt/HP6dFbxPAI2taQ4qgl7HoXll3UP4KYgqxTzyS3wQ75G88u3/4PkeN/+slRlsy8\nBcihD1gSp16bAFxFVXmL2Cw1ldaJIfZdv07n9YHDQDD6hNOgvWt0cvsVUFPfOoNC\nDW1qZxWG8OsoYSy8Jw8Uc8mejeQSsN+sRiVN89oeaq+SKTNyCE4LQCgyhQOkD6La\nb5EbL6GLaMDsvkpjuTwMDyrDGlb7rvbv1qgM3DgumwaaEMHq5YKJICd1+RPr2yqH\n4Lz2VZ111LkqIGdmSMjgEGtmm1MIAQ18Op//+EsFA4swIxEq6TeSZqx9KZ8CAwEA\nAQKCAgAu6Af3ugbLnZGpNh1c0Oau3RZHctlf2UFyRvV8rdwzViI3dkEadhnmQScO\nO1UZf/6owtuIbHQlpDIakplTB6N2cvqkVndXG+bQuDL60Ye6Pikjadr3SyeldMrj\n6EboyR55jxA265CkrhvX5OTCvdnaUXm2CpSgVCVEGouz0Y3kfmVYOPD5mVC00ir5\n4L4vzga15chz26IE8ZAocFrg0bh69qGRe+Y83gBnuSa5OQqe+zCKiF9a0NvHe6a3\niepj+rnl1NKwnmPgl2kMfSmLoYBHPRsINLWXaF0hBNVf0Ct2VRz6h3oCr3hC8fHx\nwJZyv44sXebKQYlsu1eDWK44rqJOeAVnP+mn2UqiVUyWMRsYT+a5xNdZCtwPff2H\nlqYxaPH7xapGnWgKsoT4eGfc/nQEtu15QZzG/0n4Q6N8yKvc+38HV/aIsIrDnuu/\nqukjTnaF2nLLlWo2Zzo3d0pTnEaFWsibKBHLEWWJAdeu1Y2djWEevZte8cSrrmJf\nazdcxcrxUbBzasDdkkfuDFptWEvf/bmrpxAqK03jPN4jkYkIDh/kx3KoaElOOpHD\nxR3x30HH6Tof86nTDGMJ4PagpbGL2KfOiPP5QFJJuo3BLPbXWPvmIzMxNzwIRQ+f\nUcO9V3M03yVO7EWOsSz14Ne4R/2pA04X4654hax9i/lAuvt/MQKCAQEA6nqReVwD\nej3cet7QX1P/optmR7suvMHxQFnrurtB1p8trFz3bBztUuaWR8vUgZyprw/9rqOc\nya4s4kN9gTl1krv2KYUVdK2puPYXOZxqk/Be3OU4mrxnvr2x8V+GzJZounIrA2NG\nXZxHR0g/tlBmcbDFUDyxxZdFoaYOlrUgp1tR9rq7udy8NN68y3TB0psMu2cANtAq\nSIgnLmRzCZ945++odz4Ks4+uuBIhSN5YXPLV2iCFfonae4I9+tl2Ag5Wui226cOD\nCmHSbfm5aG/Md+snbyPJUuRVMpm37GPxTHOcs2ELRUOxg0Zj4Wdd9j1a61Fp45Zf\nUYAnQHiOKc9qOwKCAQEA/q+myOE2GsVPQEvhNnKyTOifLHPXGk1zB2kCqRaUyBX7\nPGVfXJC1CYk/IqBwWJ6bjZ+tovcwYeoToEob/vSgMHwB3c6HcZse4INHKpzJ7jdt\n3uHLlY6NcryVGDC2L4Vi8qNfry9KhWQvwJ5p8vnFQ9gMFrvqdKnNWuUpZjrCsZkb\nt4i/f3PzvGI4dEBXoOKvm3qVs0/weYpefIV+/jzDeF6FaRYzJ5CVT+OwoDxDjvVG\nedpDqhdROGh/FpM39qYGKw9SNMzgFCtIhnKAEGuI40Xqakeaulq+Ts9wbDRtITs+\nH8njRxL3C8pV17ONmof3dE+SAU3rm9NB2+1savlj7QKCAQAPNnyRvyKKn9DaN/KU\n/MItLp/oL4DMxlh8sFjW+KdA4Xr5H979qLLNGiDN76+N6TgpH4R5/CuD+kT3OSG/\nbJbwOjmyX+wQceP9GBpRppBToNjGxCh0AZ1Jhs0wt93rECcjUZzwz1QVZrpJKarY\njUbYQXvLxORTyYi/ACMaLA4+TXJ3642adXPQilL9cEnS/DRLRFeDNuZHZm4EWIgO\nK8aQZcAsXF4dYEkZsDNwotxgy3CMgmem2hLOyJh02f8KCxwdYDHp4MFzvv0EHZul\n5vsBHMSmNVAujJnqeoawU5uoNigIi1dL2yR9O+fnC+nQvBJWCiYwmeT9SK9DQ48V\nr1tZAoIBAQCpBR81ryh96bXnoLPss3+axMJl+Nam8QFGyKzoVEEW7GeYNFpuDubm\nVjwdGcaVOWVYPsE4Jr3oLTUrKiOcNvJcWt/OOPLwNRbvvo+rOvRT8FstEEJQlZNP\nstFrhWBS9z2sczncBBF7pvp95WPAyXvdw3J6X+l/1PSgvvaTjqmIvWiEi+8ygVwf\nCDwZAl5lOit6jobswj+AGZENKHcX+HFs36XAEOiP+EbvBtc/796R8Dr+QRiot+LC\nAa9d5wO734C2cOuIePK4z+TIvRI6U3M8CTlBoRWRWQl1OfuNA9nstOlMpWn80Bw9\nqeEATnvKMzPI78mgrfqPpkrNzqol8C4dAoIBAGUGQFwj7EAw5JziUQ2JGzvbV0kY\nX9aogHURMW6vBW4jhVzpuFzbKiVypLJZS+v/GTNIkknAVo3oilRGixLeKMEj9DBH\nv53MU4qgYD4eWpytdg/lnh9srEGx9K7YgtR9kiziMQu13GuVuLfCLsAfz3BeSsP3\nrayhu6/yxIRUIR/Q2aRoMEI61dggdjHaJ53ThLSKjjxR1HnsbQmINNVWKkYsdJlP\nsD5TB32tnqb6HhgHqtN5UaWBFRIXcHI7noz4MAbRMad/zOyw+w+1S+Tik2A2qH6I\nZ/8umxi8hAc9A9TBjisMNl64dQ5fhkIWF1Gl0rFSIHWliXp9dkabSviCyyo=\n-----END RSA PRIVATE KEY-----\n",
            "content_base64": null,
            "content_base64sha256": "Ur2toG2wihCCqGq3MgfV16n59ighCJWGLm00GunamjQ=",
            "content_base64sha512": "o5GYN2C5oQ0xhj2YmRbx6ChDKgcVB1XAOhGfJQdGznGAMDHecZ4ccWpg78za8NW8D18svxbvS6rwbxg1jgVmDw==",
            "content_md5": "dbef5e3793e5b90555dc4989daaa80bc",
            "content_sha1": "c117a6b3a1ee7f8f28f66bffcb633321b9455bef",
            "content_sha256": "52bdada06db08a1082a86ab73207d5d7a9f9f628210895862e6d341ae9da9a34",
            "content_sha512": "a391983760b9a10d31863d989916f1e828432a07150755c03a119f250746ce71803031de719e1c716a60efccdaf0d5bc0f5f2cbf16ef4baaf06f18358e05660f",
            "directory_permission": "0777",
            "file_permission": "0777",
            "filename": "tfkey",
            "id": "c117a6b3a1ee7f8f28f66bffcb633321b9455bef",
            "sensitive_content": null,
            "source": null
          },
          "sensitive_attributes": [
            [
              {
                "type": "get_attr",
                "value": "content"
              }
            ]
          ],
          "dependencies": [
            "tls_private_key.rsa"
          ],
          "create_before_destroy": true
        }
      ]
    },
    {
      "mode": "managed",
      "type": "null_resource",
      "name": "run_ansible",
      "provider": "provider[\"registry.terraform.io/hashicorp/null\"]",
      "instances": [
        {
          "schema_version": 0,
          "attributes": {
            "id": "1333614857",
            "triggers": null
          },
          "sensitive_attributes": [],
          "dependencies": [
            "aws_instance.tr-task",
            "aws_security_group.allow_web",
            "aws_subnet.subnet-1",
            "local_file.TF-key"
          ]
        }
      ]
    },
    {
      "mode": "managed",
      "type": "tls_private_key",
      "name": "rsa",
      "provider": "provider[\"registry.terraform.io/hashicorp/tls\"]",
      "instances": [
        {
          "schema_version": 1,
          "attributes": {
            "algorithm": "RSA",
            "ecdsa_curve": "P224",
            "id": "86e1925141046747413f6679083ceb11887629c4",
            "private_key_openssh": "-----BEGIN OPENSSH PRIVATE KEY-----\nb3BlbnNzaC1rZXktdjEAAAAABG5vbmUAAAAEbm9uZQAAAAAAAAABAAACFwAAAAdz\nc2gtcnNhAAAAAwEAAQAAAgEA6UZ+41Oe+l+aLrJOTl7yM+cULMe38SG13C+NER8P\ncp8rqZnUHETue//K1m9qlsT8ZsF96Ey0yHx6mFDjoV+qLR3SN+RAwlN+KqQbkPgV\nrORdHxn1/5MxKRNk6fRSO5m5uo+2JA0LxvCp0y2qIOuJRQcwNOxGnObksQJJ3a2+\nTRbXmvMpvPwe4/cjPX+N8HaMpSIeke6hZ7CHZsZyK/4pCqrOdxKuxicwLALsMUK0\n+duMBP2qqfIQPz2zrX1Cb5tAs1GjttKXRboE+J9B8sWGZ9dTmPUx7YtMD7wN6/tm\nvHJKgyzioWwvIuTIFc6Bca7Q3shOy9PHjWZNwerRIZ/IAN4+rlGQjydrIhgos8sv\nRmku92tst/HP6dFbxPAI2taQ4qgl7HoXll3UP4KYgqxTzyS3wQ75G88u3/4PkeN/\n+slRlsy8BcihD1gSp16bAFxFVXmL2Cw1ldaJIfZdv07n9YHDQDD6hNOgvWt0cvsV\nUFPfOoNCDW1qZxWG8OsoYSy8Jw8Uc8mejeQSsN+sRiVN89oeaq+SKTNyCE4LQCgy\nhQOkD6Lab5EbL6GLaMDsvkpjuTwMDyrDGlb7rvbv1qgM3DgumwaaEMHq5YKJICd1\n+RPr2yqH4Lz2VZ111LkqIGdmSMjgEGtmm1MIAQ18Op//+EsFA4swIxEq6TeSZqx9\nKZ8AAAc4a8tSGGvLUhgAAAAHc3NoLXJzYQAAAgEA6UZ+41Oe+l+aLrJOTl7yM+cU\nLMe38SG13C+NER8Pcp8rqZnUHETue//K1m9qlsT8ZsF96Ey0yHx6mFDjoV+qLR3S\nN+RAwlN+KqQbkPgVrORdHxn1/5MxKRNk6fRSO5m5uo+2JA0LxvCp0y2qIOuJRQcw\nNOxGnObksQJJ3a2+TRbXmvMpvPwe4/cjPX+N8HaMpSIeke6hZ7CHZsZyK/4pCqrO\ndxKuxicwLALsMUK0+duMBP2qqfIQPz2zrX1Cb5tAs1GjttKXRboE+J9B8sWGZ9dT\nmPUx7YtMD7wN6/tmvHJKgyzioWwvIuTIFc6Bca7Q3shOy9PHjWZNwerRIZ/IAN4+\nrlGQjydrIhgos8svRmku92tst/HP6dFbxPAI2taQ4qgl7HoXll3UP4KYgqxTzyS3\nwQ75G88u3/4PkeN/+slRlsy8BcihD1gSp16bAFxFVXmL2Cw1ldaJIfZdv07n9YHD\nQDD6hNOgvWt0cvsVUFPfOoNCDW1qZxWG8OsoYSy8Jw8Uc8mejeQSsN+sRiVN89oe\naq+SKTNyCE4LQCgyhQOkD6Lab5EbL6GLaMDsvkpjuTwMDyrDGlb7rvbv1qgM3Dgu\nmwaaEMHq5YKJICd1+RPr2yqH4Lz2VZ111LkqIGdmSMjgEGtmm1MIAQ18Op//+EsF\nA4swIxEq6TeSZqx9KZ8AAAADAQABAAACAC7oB/e6Bsudkak2HVzQ5q7dFkdy2V/Z\nQXJG9Xyt3DNWIjd2QRp2GeZBJw47VRl//qjC24hsdCWkMhqSmVMHo3Zy+qRWd1cb\n5tC4MvrRh7o+KSNp2vdLJ6V0yuPoRujJHnmPEDbrkKSuG9fk5MK92dpRebYKlKBU\nJUQai7PRjeR+ZVg48PmZULTSKvngvi/OBrXlyHPbogTxkChwWuDRuHr2oZF75jze\nAGe5Jrk5Cp77MIqIX1rQ28d7preJ6mP6ueXU0rCeY+CXaQx9KYuhgEc9Gwg0tZdo\nXSEE1V/QK3ZVHPqHegKveELx8fHAlnK/jixd5spBiWy7V4NYrjiuok54BWc/6afZ\nSqJVTJYxGxhP5rnE11kK3A99/YeWpjFo8fvFqkadaAqyhPh4Z9z+dAS27XlBnMb/\nSfhDo3zIq9z7fwdX9oiwisOe67+q6SNOdoXacsuVajZnOjd3SlOcRoVayJsoEcsR\nZYkB167VjZ2NYR69m17xxKuuYl9rN1zFyvFRsHNqwN2SR+4MWm1YS9/9uaunECor\nTeM83iORiQgOH+THcqhoSU46kcPFHfHfQcfpOh/zqdMMYwng9qClsYvYp86I8/lA\nUkm6jcEs9tdY++YjMzE3PAhFD59Rw71XczTfJU7sRY6xLPXg17hH/akDThfjrniF\nrH2L+UC6+38xAAABAGUGQFwj7EAw5JziUQ2JGzvbV0kYX9aogHURMW6vBW4jhVzp\nuFzbKiVypLJZS+v/GTNIkknAVo3oilRGixLeKMEj9DBHv53MU4qgYD4eWpytdg/l\nnh9srEGx9K7YgtR9kiziMQu13GuVuLfCLsAfz3BeSsP3rayhu6/yxIRUIR/Q2aRo\nMEI61dggdjHaJ53ThLSKjjxR1HnsbQmINNVWKkYsdJlPsD5TB32tnqb6HhgHqtN5\nUaWBFRIXcHI7noz4MAbRMad/zOyw+w+1S+Tik2A2qH6IZ/8umxi8hAc9A9TBjisM\nNl64dQ5fhkIWF1Gl0rFSIHWliXp9dkabSviCyyoAAAEBAOp6kXlcA3o93Hre0F9T\n/6KbZke7LrzB8UBZ67q7QdafLaxc92wc7VLmlkfL1IGcqa8P/a6jnMmuLOJDfYE5\ndZK79imFFXStqbj2FzmcapPwXtzlOJq8Z769sfFfhsyWaLpyKwNjRl2cR0dIP7ZQ\nZnGwxVA8scWXRaGmDpa1IKdbUfa6u7ncvDTevMt0wdKbDLtnADbQKkiIJy5kcwmf\neOfvqHc+CrOPrrgSIUjeWFzy1doghX6J2nuCPfrZdgIOVrottunDgwph0m35uWhv\nzHfrJ28jyVLkVTKZt+xj8UxznLNhC0VDsYNGY+FnXfY9WutRaeOWX1GAJ0B4jinP\najsAAAEBAP6vpsjhNhrFT0BL4TZyskzonyxz1xpNcwdpAqkWlMgV+zxlX1yQtQmJ\nPyKgcFiem42fraL3MGHqE6BKG/70oDB8Ad3Oh3GbHuCDRyqcye43bd7hy5WOjXK8\nlRgwti+FYvKjX68vSoVkL8CeafL5xUPYDBa76nSpzVrlKWY6wrGZG7eIv39z87xi\nOHRAV6Dir5t6lbNP8HmKXnyFfv48w3hehWkWMyeQlU/jsKA8Q471RnnaQ6oXUTho\nfxaTN/amBisPUjTM4BQrSIZygBBriONF6mpHmrpavk7PcGw0bSE7Ph/J40cS9wvK\nVdezjZqH93RPkgFN65vTQdvtbGr5Y+0AAAAAAQID\n-----END OPENSSH PRIVATE KEY-----\n",
            "private_key_pem": "-----BEGIN RSA PRIVATE KEY-----\nMIIJKAIBAAKCAgEA6UZ+41Oe+l+aLrJOTl7yM+cULMe38SG13C+NER8Pcp8rqZnU\nHETue//K1m9qlsT8ZsF96Ey0yHx6mFDjoV+qLR3SN+RAwlN+KqQbkPgVrORdHxn1\n/5MxKRNk6fRSO5m5uo+2JA0LxvCp0y2qIOuJRQcwNOxGnObksQJJ3a2+TRbXmvMp\nvPwe4/cjPX+N8HaMpSIeke6hZ7CHZsZyK/4pCqrOdxKuxicwLALsMUK0+duMBP2q\nqfIQPz2zrX1Cb5tAs1GjttKXRboE+J9B8sWGZ9dTmPUx7YtMD7wN6/tmvHJKgyzi\noWwvIuTIFc6Bca7Q3shOy9PHjWZNwerRIZ/IAN4+rlGQjydrIhgos8svRmku92ts\nt/HP6dFbxPAI2taQ4qgl7HoXll3UP4KYgqxTzyS3wQ75G88u3/4PkeN/+slRlsy8\nBcihD1gSp16bAFxFVXmL2Cw1ldaJIfZdv07n9YHDQDD6hNOgvWt0cvsVUFPfOoNC\nDW1qZxWG8OsoYSy8Jw8Uc8mejeQSsN+sRiVN89oeaq+SKTNyCE4LQCgyhQOkD6La\nb5EbL6GLaMDsvkpjuTwMDyrDGlb7rvbv1qgM3DgumwaaEMHq5YKJICd1+RPr2yqH\n4Lz2VZ111LkqIGdmSMjgEGtmm1MIAQ18Op//+EsFA4swIxEq6TeSZqx9KZ8CAwEA\nAQKCAgAu6Af3ugbLnZGpNh1c0Oau3RZHctlf2UFyRvV8rdwzViI3dkEadhnmQScO\nO1UZf/6owtuIbHQlpDIakplTB6N2cvqkVndXG+bQuDL60Ye6Pikjadr3SyeldMrj\n6EboyR55jxA265CkrhvX5OTCvdnaUXm2CpSgVCVEGouz0Y3kfmVYOPD5mVC00ir5\n4L4vzga15chz26IE8ZAocFrg0bh69qGRe+Y83gBnuSa5OQqe+zCKiF9a0NvHe6a3\niepj+rnl1NKwnmPgl2kMfSmLoYBHPRsINLWXaF0hBNVf0Ct2VRz6h3oCr3hC8fHx\nwJZyv44sXebKQYlsu1eDWK44rqJOeAVnP+mn2UqiVUyWMRsYT+a5xNdZCtwPff2H\nlqYxaPH7xapGnWgKsoT4eGfc/nQEtu15QZzG/0n4Q6N8yKvc+38HV/aIsIrDnuu/\nqukjTnaF2nLLlWo2Zzo3d0pTnEaFWsibKBHLEWWJAdeu1Y2djWEevZte8cSrrmJf\nazdcxcrxUbBzasDdkkfuDFptWEvf/bmrpxAqK03jPN4jkYkIDh/kx3KoaElOOpHD\nxR3x30HH6Tof86nTDGMJ4PagpbGL2KfOiPP5QFJJuo3BLPbXWPvmIzMxNzwIRQ+f\nUcO9V3M03yVO7EWOsSz14Ne4R/2pA04X4654hax9i/lAuvt/MQKCAQEA6nqReVwD\nej3cet7QX1P/optmR7suvMHxQFnrurtB1p8trFz3bBztUuaWR8vUgZyprw/9rqOc\nya4s4kN9gTl1krv2KYUVdK2puPYXOZxqk/Be3OU4mrxnvr2x8V+GzJZounIrA2NG\nXZxHR0g/tlBmcbDFUDyxxZdFoaYOlrUgp1tR9rq7udy8NN68y3TB0psMu2cANtAq\nSIgnLmRzCZ945++odz4Ks4+uuBIhSN5YXPLV2iCFfonae4I9+tl2Ag5Wui226cOD\nCmHSbfm5aG/Md+snbyPJUuRVMpm37GPxTHOcs2ELRUOxg0Zj4Wdd9j1a61Fp45Zf\nUYAnQHiOKc9qOwKCAQEA/q+myOE2GsVPQEvhNnKyTOifLHPXGk1zB2kCqRaUyBX7\nPGVfXJC1CYk/IqBwWJ6bjZ+tovcwYeoToEob/vSgMHwB3c6HcZse4INHKpzJ7jdt\n3uHLlY6NcryVGDC2L4Vi8qNfry9KhWQvwJ5p8vnFQ9gMFrvqdKnNWuUpZjrCsZkb\nt4i/f3PzvGI4dEBXoOKvm3qVs0/weYpefIV+/jzDeF6FaRYzJ5CVT+OwoDxDjvVG\nedpDqhdROGh/FpM39qYGKw9SNMzgFCtIhnKAEGuI40Xqakeaulq+Ts9wbDRtITs+\nH8njRxL3C8pV17ONmof3dE+SAU3rm9NB2+1savlj7QKCAQAPNnyRvyKKn9DaN/KU\n/MItLp/oL4DMxlh8sFjW+KdA4Xr5H979qLLNGiDN76+N6TgpH4R5/CuD+kT3OSG/\nbJbwOjmyX+wQceP9GBpRppBToNjGxCh0AZ1Jhs0wt93rECcjUZzwz1QVZrpJKarY\njUbYQXvLxORTyYi/ACMaLA4+TXJ3642adXPQilL9cEnS/DRLRFeDNuZHZm4EWIgO\nK8aQZcAsXF4dYEkZsDNwotxgy3CMgmem2hLOyJh02f8KCxwdYDHp4MFzvv0EHZul\n5vsBHMSmNVAujJnqeoawU5uoNigIi1dL2yR9O+fnC+nQvBJWCiYwmeT9SK9DQ48V\nr1tZAoIBAQCpBR81ryh96bXnoLPss3+axMJl+Nam8QFGyKzoVEEW7GeYNFpuDubm\nVjwdGcaVOWVYPsE4Jr3oLTUrKiOcNvJcWt/OOPLwNRbvvo+rOvRT8FstEEJQlZNP\nstFrhWBS9z2sczncBBF7pvp95WPAyXvdw3J6X+l/1PSgvvaTjqmIvWiEi+8ygVwf\nCDwZAl5lOit6jobswj+AGZENKHcX+HFs36XAEOiP+EbvBtc/796R8Dr+QRiot+LC\nAa9d5wO734C2cOuIePK4z+TIvRI6U3M8CTlBoRWRWQl1OfuNA9nstOlMpWn80Bw9\nqeEATnvKMzPI78mgrfqPpkrNzqol8C4dAoIBAGUGQFwj7EAw5JziUQ2JGzvbV0kY\nX9aogHURMW6vBW4jhVzpuFzbKiVypLJZS+v/GTNIkknAVo3oilRGixLeKMEj9DBH\nv53MU4qgYD4eWpytdg/lnh9srEGx9K7YgtR9kiziMQu13GuVuLfCLsAfz3BeSsP3\nrayhu6/yxIRUIR/Q2aRoMEI61dggdjHaJ53ThLSKjjxR1HnsbQmINNVWKkYsdJlP\nsD5TB32tnqb6HhgHqtN5UaWBFRIXcHI7noz4MAbRMad/zOyw+w+1S+Tik2A2qH6I\nZ/8umxi8hAc9A9TBjisMNl64dQ5fhkIWF1Gl0rFSIHWliXp9dkabSviCyyo=\n-----END RSA PRIVATE KEY-----\n",
            "private_key_pem_pkcs8": "-----BEGIN PRIVATE KEY-----\nMIIJQgIBADANBgkqhkiG9w0BAQEFAASCCSwwggkoAgEAAoICAQDpRn7jU576X5ou\nsk5OXvIz5xQsx7fxIbXcL40RHw9ynyupmdQcRO57/8rWb2qWxPxmwX3oTLTIfHqY\nUOOhX6otHdI35EDCU34qpBuQ+BWs5F0fGfX/kzEpE2Tp9FI7mbm6j7YkDQvG8KnT\nLaog64lFBzA07Eac5uSxAkndrb5NFtea8ym8/B7j9yM9f43wdoylIh6R7qFnsIdm\nxnIr/ikKqs53Eq7GJzAsAuwxQrT524wE/aqp8hA/PbOtfUJvm0CzUaO20pdFugT4\nn0HyxYZn11OY9THti0wPvA3r+2a8ckqDLOKhbC8i5MgVzoFxrtDeyE7L08eNZk3B\n6tEhn8gA3j6uUZCPJ2siGCizyy9GaS73a2y38c/p0VvE8Aja1pDiqCXseheWXdQ/\ngpiCrFPPJLfBDvkbzy7f/g+R43/6yVGWzLwFyKEPWBKnXpsAXEVVeYvYLDWV1okh\n9l2/Tuf1gcNAMPqE06C9a3Ry+xVQU986g0INbWpnFYbw6yhhLLwnDxRzyZ6N5BKw\n36xGJU3z2h5qr5IpM3IITgtAKDKFA6QPotpvkRsvoYtowOy+SmO5PAwPKsMaVvuu\n9u/WqAzcOC6bBpoQwerlgokgJ3X5E+vbKofgvPZVnXXUuSogZ2ZIyOAQa2abUwgB\nDXw6n//4SwUDizAjESrpN5JmrH0pnwIDAQABAoICAC7oB/e6Bsudkak2HVzQ5q7d\nFkdy2V/ZQXJG9Xyt3DNWIjd2QRp2GeZBJw47VRl//qjC24hsdCWkMhqSmVMHo3Zy\n+qRWd1cb5tC4MvrRh7o+KSNp2vdLJ6V0yuPoRujJHnmPEDbrkKSuG9fk5MK92dpR\nebYKlKBUJUQai7PRjeR+ZVg48PmZULTSKvngvi/OBrXlyHPbogTxkChwWuDRuHr2\noZF75jzeAGe5Jrk5Cp77MIqIX1rQ28d7preJ6mP6ueXU0rCeY+CXaQx9KYuhgEc9\nGwg0tZdoXSEE1V/QK3ZVHPqHegKveELx8fHAlnK/jixd5spBiWy7V4NYrjiuok54\nBWc/6afZSqJVTJYxGxhP5rnE11kK3A99/YeWpjFo8fvFqkadaAqyhPh4Z9z+dAS2\n7XlBnMb/SfhDo3zIq9z7fwdX9oiwisOe67+q6SNOdoXacsuVajZnOjd3SlOcRoVa\nyJsoEcsRZYkB167VjZ2NYR69m17xxKuuYl9rN1zFyvFRsHNqwN2SR+4MWm1YS9/9\nuaunECorTeM83iORiQgOH+THcqhoSU46kcPFHfHfQcfpOh/zqdMMYwng9qClsYvY\np86I8/lAUkm6jcEs9tdY++YjMzE3PAhFD59Rw71XczTfJU7sRY6xLPXg17hH/akD\nThfjrniFrH2L+UC6+38xAoIBAQDqepF5XAN6Pdx63tBfU/+im2ZHuy68wfFAWeu6\nu0HWny2sXPdsHO1S5pZHy9SBnKmvD/2uo5zJriziQ32BOXWSu/YphRV0ram49hc5\nnGqT8F7c5TiavGe+vbHxX4bMlmi6cisDY0ZdnEdHSD+2UGZxsMVQPLHFl0Whpg6W\ntSCnW1H2uru53Lw03rzLdMHSmwy7ZwA20CpIiCcuZHMJn3jn76h3Pgqzj664EiFI\n3lhc8tXaIIV+idp7gj362XYCDla6Lbbpw4MKYdJt+blob8x36ydvI8lS5FUymbfs\nY/FMc5yzYQtFQ7GDRmPhZ132PVrrUWnjll9RgCdAeI4pz2o7AoIBAQD+r6bI4TYa\nxU9AS+E2crJM6J8sc9caTXMHaQKpFpTIFfs8ZV9ckLUJiT8ioHBYnpuNn62i9zBh\n6hOgShv+9KAwfAHdzodxmx7gg0cqnMnuN23e4cuVjo1yvJUYMLYvhWLyo1+vL0qF\nZC/Anmny+cVD2AwWu+p0qc1a5SlmOsKxmRu3iL9/c/O8Yjh0QFeg4q+bepWzT/B5\nil58hX7+PMN4XoVpFjMnkJVP47CgPEOO9UZ52kOqF1E4aH8Wkzf2pgYrD1I0zOAU\nK0iGcoAQa4jjRepqR5q6Wr5Oz3BsNG0hOz4fyeNHEvcLylXXs42ah/d0T5IBTeub\n00Hb7Wxq+WPtAoIBAA82fJG/Ioqf0No38pT8wi0un+gvgMzGWHywWNb4p0Dhevkf\n3v2oss0aIM3vr43pOCkfhHn8K4P6RPc5Ib9slvA6ObJf7BBx4/0YGlGmkFOg2MbE\nKHQBnUmGzTC33esQJyNRnPDPVBVmukkpqtiNRthBe8vE5FPJiL8AIxosDj5Ncnfr\njZp1c9CKUv1wSdL8NEtEV4M25kdmbgRYiA4rxpBlwCxcXh1gSRmwM3Ci3GDLcIyC\nZ6baEs7ImHTZ/woLHB1gMengwXO+/QQdm6Xm+wEcxKY1UC6Mmep6hrBTm6g2KAiL\nV0vbJH075+cL6dC8ElYKJjCZ5P1Ir0NDjxWvW1kCggEBAKkFHzWvKH3pteegs+yz\nf5rEwmX41qbxAUbIrOhUQRbsZ5g0Wm4O5uZWPB0ZxpU5ZVg+wTgmvegtNSsqI5w2\n8lxa38448vA1Fu++j6s69FPwWy0QQlCVk0+y0WuFYFL3PaxzOdwEEXum+n3lY8DJ\ne93Dcnpf6X/U9KC+9pOOqYi9aISL7zKBXB8IPBkCXmU6K3qOhuzCP4AZkQ0odxf4\ncWzfpcAQ6I/4Ru8G1z/v3pHwOv5BGKi34sIBr13nA7vfgLZw64h48rjP5Mi9EjpT\nczwJOUGhFZFZCXU5+40D2ey06UylafzQHD2p4QBOe8ozM8jvyaCt+o+mSs3OqiXw\nLh0CggEAZQZAXCPsQDDknOJRDYkbO9tXSRhf1qiAdRExbq8FbiOFXOm4XNsqJXKk\nsllL6/8ZM0iSScBWjeiKVEaLEt4owSP0MEe/ncxTiqBgPh5anK12D+WeH2ysQbH0\nrtiC1H2SLOIxC7Xca5W4t8IuwB/PcF5Kw/etrKG7r/LEhFQhH9DZpGgwQjrV2CB2\nMdonndOEtIqOPFHUeextCYg01VYqRix0mU+wPlMHfa2epvoeGAeq03lRpYEVEhdw\ncjuejPgwBtExp3/M7LD7D7VL5OKTYDaofohn/y6bGLyEBz0D1MGOKww2Xrh1Dl+G\nQhYXUaXSsVIgdaWJen12RptK+ILLKg==\n-----END PRIVATE KEY-----\n",
            "public_key_fingerprint_md5": "5f:14:c0:b5:b8:f3:6b:d3:ab:14:ee:37:28:ac:60:1e",
            "public_key_fingerprint_sha256": "SHA256:b0Uv93CA9mzg/f4JqtRXcFAyflPzcwZYYeHhUGry49U",
            "public_key_openssh": "ssh-rsa AAAAB3NzaC1yc2EAAAADAQABAAACAQDpRn7jU576X5ousk5OXvIz5xQsx7fxIbXcL40RHw9ynyupmdQcRO57/8rWb2qWxPxmwX3oTLTIfHqYUOOhX6otHdI35EDCU34qpBuQ+BWs5F0fGfX/kzEpE2Tp9FI7mbm6j7YkDQvG8KnTLaog64lFBzA07Eac5uSxAkndrb5NFtea8ym8/B7j9yM9f43wdoylIh6R7qFnsIdmxnIr/ikKqs53Eq7GJzAsAuwxQrT524wE/aqp8hA/PbOtfUJvm0CzUaO20pdFugT4n0HyxYZn11OY9THti0wPvA3r+2a8ckqDLOKhbC8i5MgVzoFxrtDeyE7L08eNZk3B6tEhn8gA3j6uUZCPJ2siGCizyy9GaS73a2y38c/p0VvE8Aja1pDiqCXseheWXdQ/gpiCrFPPJLfBDvkbzy7f/g+R43/6yVGWzLwFyKEPWBKnXpsAXEVVeYvYLDWV1okh9l2/Tuf1gcNAMPqE06C9a3Ry+xVQU986g0INbWpnFYbw6yhhLLwnDxRzyZ6N5BKw36xGJU3z2h5qr5IpM3IITgtAKDKFA6QPotpvkRsvoYtowOy+SmO5PAwPKsMaVvuu9u/WqAzcOC6bBpoQwerlgokgJ3X5E+vbKofgvPZVnXXUuSogZ2ZIyOAQa2abUwgBDXw6n//4SwUDizAjESrpN5JmrH0pnw==\n",
            "public_key_pem": "-----BEGIN PUBLIC KEY-----\nMIICIjANBgkqhkiG9w0BAQEFAAOCAg8AMIICCgKCAgEA6UZ+41Oe+l+aLrJOTl7y\nM+cULMe38SG13C+NER8Pcp8rqZnUHETue//K1m9qlsT8ZsF96Ey0yHx6mFDjoV+q\nLR3SN+RAwlN+KqQbkPgVrORdHxn1/5MxKRNk6fRSO5m5uo+2JA0LxvCp0y2qIOuJ\nRQcwNOxGnObksQJJ3a2+TRbXmvMpvPwe4/cjPX+N8HaMpSIeke6hZ7CHZsZyK/4p\nCqrOdxKuxicwLALsMUK0+duMBP2qqfIQPz2zrX1Cb5tAs1GjttKXRboE+J9B8sWG\nZ9dTmPUx7YtMD7wN6/tmvHJKgyzioWwvIuTIFc6Bca7Q3shOy9PHjWZNwerRIZ/I\nAN4+rlGQjydrIhgos8svRmku92tst/HP6dFbxPAI2taQ4qgl7HoXll3UP4KYgqxT\nzyS3wQ75G88u3/4PkeN/+slRlsy8BcihD1gSp16bAFxFVXmL2Cw1ldaJIfZdv07n\n9YHDQDD6hNOgvWt0cvsVUFPfOoNCDW1qZxWG8OsoYSy8Jw8Uc8mejeQSsN+sRiVN\n89oeaq+SKTNyCE4LQCgyhQOkD6Lab5EbL6GLaMDsvkpjuTwMDyrDGlb7rvbv1qgM\n3DgumwaaEMHq5YKJICd1+RPr2yqH4Lz2VZ111LkqIGdmSMjgEGtmm1MIAQ18Op//\n+EsFA4swIxEq6TeSZqx9KZ8CAwEAAQ==\n-----END PUBLIC KEY-----\n",
            "rsa_bits": 4096
          },
          "sensitive_attributes": [],
          "create_before_destroy": true
        }
      ]
    }
  ],
  "check_results": null
}
